
Microsoft Visual Studio Solution File, Format Version 12.00
# Visual Studio 2013
VisualStudioVersion = 12.0.31101.0
MinimumVisualStudioVersion = 10.0.40219.1
Project("{CC5FD16D-436D-48AD-A40C-5A424C6E3E79}") = "PA3", "PA3\PA3.ccproj", "{43F3CE6C-6919-42BF-AA00-71ACDD3E1281}"
EndProject
Project("{FAE04EC0-301F-11D3-BF4B-00C04F79EFBC}") = "WebRole1", "WebRole1\WebRole1.csproj", "{B5EA3CCB-5AF4-431E-AAF4-89E2A0A8EB3A}"
EndProject
Project("{FAE04EC0-301F-11D3-BF4B-00C04F79EFBC}") = "WorkerRole1", "WorkerRole1\WorkerRole1.csproj", "{606FC6CA-BD86-43B8-B8E3-1E1CC48FB36C}"
EndProject
Global
	GlobalSection(SolutionConfigurationPlatforms) = preSolution
		Debug|Any CPU = Debug|Any CPU
		Release|Any CPU = Release|Any CPU
	EndGlobalSection
	GlobalSection(ProjectConfigurationPlatforms) = postSolution
		{43F3CE6C-6919-42BF-AA00-71ACDD3E1281}.Debug|Any CPU.ActiveCfg = Debug|Any CPU
		{43F3CE6C-6919-42BF-AA00-71ACDD3E1281}.Debug|Any CPU.Build.0 = Debug|Any CPU
		{43F3CE6C-6919-42BF-AA00-71ACDD3E1281}.Release|Any CPU.ActiveCfg = Release|Any CPU
		{43F3CE6C-6919-42BF-AA00-71ACDD3E1281}.Release|Any CPU.Build.0 = Release|Any CPU
		{B5EA3CCB-5AF4-431E-AAF4-89E2A0A8EB3A}.Debug|Any CPU.ActiveCfg = Debug|Any CPU
		{B5EA3CCB-5AF4-431E-AAF4-89E2A0A8EB3A}.Debug|Any CPU.Build.0 = Debug|Any CPU
		{B5EA3CCB-5AF4-431E-AAF4-89E2A0A8EB3A}.Release|Any CPU.ActiveCfg = Release|Any CPU
		{B5EA3CCB-5AF4-431E-AAF4-89E2A0A8EB3A}.Release|Any CPU.Build.0 = Release|Any CPU
		{606FC6CA-BD86-43B8-B8E3-1E1CC48FB36C}.Debug|Any CPU.ActiveCfg = Debug|Any CPU
		{606FC6CA-BD86-43B8-B8E3-1E1CC48FB36C}.Debug|Any CPU.Build.0 = Debug|Any CPU
		{606FC6CA-BD86-43B8-B8E3-1E1CC48FB36C}.Release|Any CPU.ActiveCfg = Release|Any CPU
		{606FC6CA-BD86-43B8-B8E3-1E1CC48FB36C}.Release|Any CPU.Build.0 = Release|Any CPU
	EndGlobalSection
	GlobalSection(SolutionProperties) = preSolution
		HideSolutionNode = FALSE
	EndGlobalSection
EndGlobal
